// !$*UTF8*$!
{
	archiveVersion = 1;
	classes = {
	};
	objectVersion = 46;
	objects = {

/* Begin PBXBuildFile section */
		E169CB2B1A1B234B00FD03D5 /* bbb.png in Resources */ = {isa = PBXBuildFile; fileRef = E169CB2A1A1B234B00FD03D5 /* bbb.png */; };
		E169CB341A1B332800FD03D5 /* UIImage+Rotate.m in Sources */ = {isa = PBXBuildFile; fileRef = E169CB331A1B332800FD03D5 /* UIImage+Rotate.m */; };
		E18A5EAD1A14813800C926E2 /* main.m in Sources */ = {isa = PBXBuildFile; fileRef = E18A5EAC1A14813800C926E2 /* main.m */; };
		E18A5EB01A14813800C926E2 /* AppDelegate.m in Sources */ = {isa = PBXBuildFile; fileRef = E18A5EAF1A14813800C926E2 /* AppDelegate.m */; };
		E18A5EB31A14813800C926E2 /* ViewController.m in Sources */ = {isa = PBXBuildFile; fileRef = E18A5EB21A14813800C926E2 /* ViewController.m */; };
		E18A5EB61A14813800C926E2 /* Main.storyboard in Resources */ = {isa = PBXBuildFile; fileRef = E18A5EB41A14813800C926E2 /* Main.storyboard */; };
		E18A5EB81A14813800C926E2 /* Images.xcassets in Resources */ = {isa = PBXBuildFile; fileRef = E18A5EB71A14813800C926E2 /* Images.xcassets */; };
		E18A5EBB1A14813800C926E2 /* LaunchScreen.xib in Resources */ = {isa = PBXBuildFile; fileRef = E18A5EB91A14813800C926E2 /* LaunchScreen.xib */; };
		E18A5EC71A14813800C926E2 /* WTImagePickerControllerTests.m in Sources */ = {isa = PBXBuildFile; fileRef = E18A5EC61A14813800C926E2 /* WTImagePickerControllerTests.m */; };
		E18A5ED21A14815700C926E2 /* WTImagePickerController.m in Sources */ = {isa = PBXBuildFile; fileRef = E18A5ED11A14815700C926E2 /* WTImagePickerController.m */; };
		E1C010A01A19F54B0043116B /* SelectImageViewController.m in Sources */ = {isa = PBXBuildFile; fileRef = E1C0109D1A19F54B0043116B /* SelectImageViewController.m */; };
		E1C010A11A19F54B0043116B /* WTImagePickerVC.m in Sources */ = {isa = PBXBuildFile; fileRef = E1C0109F1A19F54B0043116B /* WTImagePickerVC.m */; };
/* End PBXBuildFile section */

/* Begin PBXContainerItemProxy section */
		E18A5EC11A14813800C926E2 /* PBXContainerItemProxy */ = {
			isa = PBXContainerItemProxy;
			containerPortal = E18A5E9F1A14813800C926E2 /* Project object */;
			proxyType = 1;
			remoteGlobalIDString = E18A5EA61A14813800C926E2;
			remoteInfo = WTImagePickerController;
		};
/* End PBXContainerItemProxy section */

/* Begin PBXFileReference section */
		E169CB2A1A1B234B00FD03D5 /* bbb.png */ = {isa = PBXFileReference; lastKnownFileType = image.png; path = bbb.png; sourceTree = "<group>"; };
		E169CB331A1B332800FD03D5 /* UIImage+Rotate.m */ = {isa = PBXFileReference; fileEncoding = 4; lastKnownFileType = sourcecode.c.objc; path = "UIImage+Rotate.m"; sourceTree = "<group>"; };
		E169CB351A1B334C00FD03D5 /* UIImage+Rotate.h */ = {isa = PBXFileReference; lastKnownFileType = sourcecode.c.h; path = "UIImage+Rotate.h"; sourceTree = "<group>"; };
		E18A5EA71A14813800C926E2 /* WTImagePickerController.app */ = {isa = PBXFileReference; explicitFileType = wrapper.application; includeInIndex = 0; path = WTImagePickerController.app; sourceTree = BUILT_PRODUCTS_DIR; };
		E18A5EAB1A14813800C926E2 /* Info.plist */ = {isa = PBXFileReference; lastKnownFileType = text.plist.xml; path = Info.plist; sourceTree = "<group>"; };
		E18A5EAC1A14813800C926E2 /* main.m */ = {isa = PBXFileReference; lastKnownFileType = sourcecode.c.objc; path = main.m; sourceTree = "<group>"; };
		E18A5EAE1A14813800C926E2 /* AppDelegate.h */ = {isa = PBXFileReference; lastKnownFileType = sourcecode.c.h; path = AppDelegate.h; sourceTree = "<group>"; };
		E18A5EAF1A14813800C926E2 /* AppDelegate.m */ = {isa = PBXFileReference; lastKnownFileType = sourcecode.c.objc; path = AppDelegate.m; sourceTree = "<group>"; };
		E18A5EB11A14813800C926E2 /* ViewController.h */ = {isa = PBXFileReference; lastKnownFileType = sourcecode.c.h; path = ViewController.h; sourceTree = "<group>"; };
		E18A5EB21A14813800C926E2 /* ViewController.m */ = {isa = PBXFileReference; lastKnownFileType = sourcecode.c.objc; path = ViewController.m; sourceTree = "<group>"; };
		E18A5EB51A14813800C926E2 /* Base */ = {isa = PBXFileReference; lastKnownFileType = file.storyboard; name = Base; path = Base.lproj/Main.storyboard; sourceTree = "<group>"; };
		E18A5EB71A14813800C926E2 /* Images.xcassets */ = {isa = PBXFileReference; lastKnownFileType = folder.assetcatalog; path = Images.xcassets; sourceTree = "<group>"; };
		E18A5EBA1A14813800C926E2 /* Base */ = {isa = PBXFileReference; lastKnownFileType = file.xib; name = Base; path = Base.lproj/LaunchScreen.xib; sourceTree = "<group>"; };
		E18A5EC01A14813800C926E2 /* WTImagePickerControllerTests.xctest */ = {isa = PBXFileReference; explicitFileType = wrapper.cfbundle; includeInIndex = 0; path = WTImagePickerControllerTests.xctest; sourceTree = BUILT_PRODUCTS_DIR; };
		E18A5EC51A14813800C926E2 /* Info.plist */ = {isa = PBXFileReference; lastKnownFileType = text.plist.xml; path = Info.plist; sourceTree = "<group>"; };
		E18A5EC61A14813800C926E2 /* WTImagePickerControllerTests.m */ = {isa = PBXFileReference; lastKnownFileType = sourcecode.c.objc; path = WTImagePickerControllerTests.m; sourceTree = "<group>"; };
		E18A5ED01A14815700C926E2 /* WTImagePickerController.h */ = {isa = PBXFileReference; fileEncoding = 4; lastKnownFileType = sourcecode.c.h; path = WTImagePickerController.h; sourceTree = "<group>"; };
		E18A5ED11A14815700C926E2 /* WTImagePickerController.m */ = {isa = PBXFileReference; fileEncoding = 4; lastKnownFileType = sourcecode.c.objc; path = WTImagePickerController.m; sourceTree = "<group>"; };
		E1C0109C1A19F54B0043116B /* SelectImageViewController.h */ = {isa = PBXFileReference; fileEncoding = 4; lastKnownFileType = sourcecode.c.h; path = SelectImageViewController.h; sourceTree = "<group>"; };
		E1C0109D1A19F54B0043116B /* SelectImageViewController.m */ = {isa = PBXFileReference; fileEncoding = 4; lastKnownFileType = sourcecode.c.objc; path = SelectImageViewController.m; sourceTree = "<group>"; };
		E1C0109E1A19F54B0043116B /* WTImagePickerVC.h */ = {isa = PBXFileReference; fileEncoding = 4; lastKnownFileType = sourcecode.c.h; path = WTImagePickerVC.h; sourceTree = "<group>"; };
		E1C0109F1A19F54B0043116B /* WTImagePickerVC.m */ = {isa = PBXFileReference; fileEncoding = 4; lastKnownFileType = sourcecode.c.objc; path = WTImagePickerVC.m; sourceTree = "<group>"; };
/* End PBXFileReference section */

/* Begin PBXFrameworksBuildPhase section */
		E18A5EA41A14813800C926E2 /* Frameworks */ = {
			isa = PBXFrameworksBuildPhase;
			buildActionMask = 2147483647;
			files = (
			);
			runOnlyForDeploymentPostprocessing = 0;
		};
		E18A5EBD1A14813800C926E2 /* Frameworks */ = {
			isa = PBXFrameworksBuildPhase;
			buildActionMask = 2147483647;
			files = (
			);
			runOnlyForDeploymentPostprocessing = 0;
		};
/* End PBXFrameworksBuildPhase section */

/* Begin PBXGroup section */
		E18A5E9E1A14813800C926E2 = {
			isa = PBXGroup;
			children = (
				E18A5EA91A14813800C926E2 /* WTImagePickerController */,
				E18A5EC31A14813800C926E2 /* WTImagePickerControllerTests */,
				E18A5EA81A14813800C926E2 /* Products */,
			);
			sourceTree = "<group>";
		};
		E18A5EA81A14813800C926E2 /* Products */ = {
			isa = PBXGroup;
			children = (
				E18A5EA71A14813800C926E2 /* WTImagePickerController.app */,
				E18A5EC01A14813800C926E2 /* WTImagePickerControllerTests.xctest */,
			);
			name = Products;
			sourceTree = "<group>";
		};
		E18A5EA91A14813800C926E2 /* WTImagePickerController */ = {
			isa = PBXGroup;
			children = (
				E18A5EAE1A14813800C926E2 /* AppDelegate.h */,
				E18A5EAF1A14813800C926E2 /* AppDelegate.m */,
				E18A5EB11A14813800C926E2 /* ViewController.h */,
				E18A5EB21A14813800C926E2 /* ViewController.m */,
				E169CB2A1A1B234B00FD03D5 /* bbb.png */,
				E18A5EB41A14813800C926E2 /* Main.storyboard */,
				E18A5EB71A14813800C926E2 /* Images.xcassets */,
				E18A5EB91A14813800C926E2 /* LaunchScreen.xib */,
				E18A5EAA1A14813800C926E2 /* Supporting Files */,
				E18A5ED01A14815700C926E2 /* WTImagePickerController.h */,
				E18A5ED11A14815700C926E2 /* WTImagePickerController.m */,
				E1C0109E1A19F54B0043116B /* WTImagePickerVC.h */,
				E1C0109F1A19F54B0043116B /* WTImagePickerVC.m */,
				E1C0109C1A19F54B0043116B /* SelectImageViewController.h */,
				E1C0109D1A19F54B0043116B /* SelectImageViewController.m */,
				E169CB351A1B334C00FD03D5 /* UIImage+Rotate.h */,
				E169CB331A1B332800FD03D5 /* UIImage+Rotate.m */,
			);
			path = WTImagePickerController;
			sourceTree = "<group>";
		};
		E18A5EAA1A14813800C926E2 /* Supporting Files */ = {
			isa = PBXGroup;
			children = (
				E18A5EAB1A14813800C926E2 /* Info.plist */,
				E18A5EAC1A14813800C926E2 /* main.m */,
			);
			name = "Supporting Files";
			sourceTree = "<group>";
		};
		E18A5EC31A14813800C926E2 /* WTImagePickerControllerTests */ = {
			isa = PBXGroup;
			children = (
				E18A5EC61A14813800C926E2 /* WTImagePickerControllerTests.m */,
				E18A5EC41A14813800C926E2 /* Supporting Files */,
			);
			path = WTImagePickerControllerTests;
			sourceTree = "<group>";
		};
		E18A5EC41A14813800C926E2 /* Supporting Files */ = {
			isa = PBXGroup;
			children = (
				E18A5EC51A14813800C926E2 /* Info.plist */,
			);
			name = "Supporting Files";
			sourceTree = "<group>";
		};
/* End PBXGroup section */

/* Begin PBXNativeTarget section */
		E18A5EA61A14813800C926E2 /* WTImagePickerController */ = {
			isa = PBXNativeTarget;
			buildConfigurationList = E18A5ECA1A14813800C926E2 /* Build configuration list for PBXNativeTarget "WTImagePickerController" */;
			buildPhases = (
				E18A5EA31A14813800C926E2 /* Sources */,
				E18A5EA41A14813800C926E2 /* Frameworks */,
				E18A5EA51A14813800C926E2 /* Resources */,
			);
			buildRules = (
			);
			dependencies = (
			);
			name = WTImagePickerController;
			productName = WTImagePickerController;
			productReference = E18A5EA71A14813800C926E2 /* WTImagePickerController.app */;
			productType = "com.apple.product-type.application";
		};
		E18A5EBF1A14813800C926E2 /* WTImagePickerControllerTests */ = {
			isa = PBXNativeTarget;
			buildConfigurationList = E18A5ECD1A14813800C926E2 /* Build configuration list for PBXNativeTarget "WTImagePickerControllerTests" */;
			buildPhases = (
				E18A5EBC1A14813800C926E2 /* Sources */,
				E18A5EBD1A14813800C926E2 /* Frameworks */,
				E18A5EBE1A14813800C926E2 /* Resources */,
			);
			buildRules = (
			);
			dependencies = (
				E18A5EC21A14813800C926E2 /* PBXTargetDependency */,
			);
			name = WTImagePickerControllerTests;
			productName = WTImagePickerControllerTests;
			productReference = E18A5EC01A14813800C926E2 /* WTImagePickerControllerTests.xctest */;
			productType = "com.apple.product-type.bundle.unit-test";
		};
/* End PBXNativeTarget section */

/* Begin PBXProject section */
		E18A5E9F1A14813800C926E2 /* Project object */ = {
			isa = PBXProject;
			attributes = {
				LastUpgradeCheck = 0610;
				ORGANIZATIONNAME = SongWentong;
				TargetAttributes = {
					E18A5EA61A14813800C926E2 = {
						CreatedOnToolsVersion = 6.1;
						DevelopmentTeam = 7XPY3583N7;
					};
					E18A5EBF1A14813800C926E2 = {
						CreatedOnToolsVersion = 6.1;
						TestTargetID = E18A5EA61A14813800C926E2;
					};
				};
			};
			buildConfigurationList = E18A5EA21A14813800C926E2 /* Build configuration list for PBXProject "WTImagePickerController" */;
			compatibilityVersion = "Xcode 3.2";
			developmentRegion = English;
			hasScannedForEncodings = 0;
			knownRegions = (
				en,
				Base,
			);
			mainGroup = E18A5E9E1A14813800C926E2;
			productRefGroup = E18A5EA81A14813800C926E2 /* Products */;
			projectDirPath = "";
			projectRoot = "";
			targets = (
				E18A5EA61A14813800C926E2 /* WTImagePickerController */,
				E18A5EBF1A14813800C926E2 /* WTImagePickerControllerTests */,
			);
		};
/* End PBXProject section */

/* Begin PBXResourcesBuildPhase section */
		E18A5EA51A14813800C926E2 /* Resources */ = {
			isa = PBXResourcesBuildPhase;
			buildActionMask = 2147483647;
			files = (
				E169CB2B1A1B234B00FD03D5 /* bbb.png in Resources */,
				E18A5EB61A14813800C926E2 /* Main.storyboard in Resources */,
				E18A5EBB1A14813800C926E2 /* LaunchScreen.xib in Resources */,
				E18A5EB81A14813800C926E2 /* Images.xcassets in Resources */,
			);
			runOnlyForDeploymentPostprocessing = 0;
		};
		E18A5EBE1A14813800C926E2 /* Resources */ = {
			isa = PBXResourcesBuildPhase;
			buildActionMask = 2147483647;
			files = (
			);
			runOnlyForDeploymentPostprocessing = 0;
		};
/* End PBXResourcesBuildPhase section */

/* Begin PBXSourcesBuildPhase section */
		E18A5EA31A14813800C926E2 /* Sources */ = {
			isa = PBXSourcesBuildPhase;
			buildActionMask = 2147483647;
			files = (
				E18A5ED21A14815700C926E2 /* WTImagePickerController.m in Sources */,
				E1C010A11A19F54B0043116B /* WTImagePickerVC.m in Sources */,
				E18A5EB31A14813800C926E2 /* ViewController.m in Sources */,
				E1C010A01A19F54B0043116B /* SelectImageViewController.m in Sources */,
				E18A5EB01A14813800C926E2 /* AppDelegate.m in Sources */,
				E169CB341A1B332800FD03D5 /* UIImage+Rotate.m in Sources */,
				E18A5EAD1A14813800C926E2 /* main.m in Sources */,
			);
			runOnlyForDeploymentPostprocessing = 0;
		};
		E18A5EBC1A14813800C926E2 /* Sources */ = {
			isa = PBXSourcesBuildPhase;
			buildActionMask = 2147483647;
			files = (
				E18A5EC71A14813800C926E2 /* WTImagePickerControllerTests.m in Sources */,
			);
			runOnlyForDeploymentPostprocessing = 0;
		};
/* End PBXSourcesBuildPhase section */

/* Begin PBXTargetDependency section */
		E18A5EC21A14813800C926E2 /* PBXTargetDependency */ = {
			isa = PBXTargetDependency;
			target = E18A5EA61A14813800C926E2 /* WTImagePickerController */;
			targetProxy = E18A5EC11A14813800C926E2 /* PBXContainerItemProxy */;
		};
/* End PBXTargetDependency section */

/* Begin PBXVariantGroup section */
		E18A5EB41A14813800C926E2 /* Main.storyboard */ = {
			isa = PBXVariantGroup;
			children = (
				E18A5EB51A14813800C926E2 /* Base */,
			);
			name = Main.storyboard;
			sourceTree = "<group>";
		};
		E18A5EB91A14813800C926E2 /* LaunchScreen.xib */ = {
			isa = PBXVariantGroup;
			children = (
				E18A5EBA1A14813800C926E2 /* Base */,
			);
			name = LaunchScreen.xib;
			sourceTree = "<group>";
		};
/* End PBXVariantGroup section */

/* Begin XCBuildConfiguration section */
		E18A5EC81A14813800C926E2 /* Debug */ = {
			isa = XCBuildConfiguration;
			buildSettings = {
				ALWAYS_SEARCH_USER_PATHS = NO;
				CLANG_CXX_LANGUAGE_STANDARD = "gnu++0x";
				CLANG_CXX_LIBRARY = "libc++";
				CLANG_ENABLE_MODULES = YES;
				CLANG_ENABLE_OBJC_ARC = YES;
				CLANG_WARN_BOOL_CONVERSION = YES;
				CLANG_WARN_CONSTANT_CONVERSION = YES;
				CLANG_WARN_DIRECT_OBJC_ISA_USAGE = YES_ERROR;
				CLANG_WARN_EMPTY_BODY = YES;
				CLANG_WARN_ENUM_CONVERSION = YES;
				CLANG_WARN_INT_CONVERSION = YES;
				CLANG_WARN_OBJC_ROOT_CLASS = YES_ERROR;
				CLANG_WARN_UNREACHABLE_CODE = YES;
				CLANG_WARN__DUPLICATE_METHOD_MATCH = YES;
				"CODE_SIGN_IDENTITY[sdk=iphoneos*]" = "iPhone Developer";
				COPY_PHASE_STRIP = NO;
				ENABLE_STRICT_OBJC_MSGSEND = YES;
				GCC_C_LANGUAGE_STANDARD = gnu99;
				GCC_DYNAMIC_NO_PIC = NO;
				GCC_OPTIMIZATION_LEVEL = 0;
				GCC_PREPROCESSOR_DEFINITIONS = (
					"DEBUG=1",
					"$(inherited)",
				);
				GCC_SYMBOLS_PRIVATE_EXTERN = NO;
				GCC_WARN_64_TO_32_BIT_CONVERSION = YES;
				GCC_WARN_ABOUT_RETURN_TYPE = YES_ERROR;
				GCC_WARN_UNDECLARED_SELECTOR = YES;
				GCC_WARN_UNINITIALIZED_AUTOS = YES_AGGRESSIVE;
				GCC_WARN_UNUSED_FUNCTION = YES;
				GCC_WARN_UNUSED_VARIABLE = YES;
				IPHONEOS_DEPLOYMENT_TARGET = 8.1;
				MTL_ENABLE_DEBUG_INFO = YES;
				ONLY_ACTIVE_ARCH = YES;
				SDKROOT = iphoneos;
				TARGETED_DEVICE_FAMILY = "1,2";
			};
			name = Debug;
		};
		E18A5EC91A14813800C926E2 /* Release */ = {
			isa = XCBuildConfiguration;
			buildSettings = {
				ALWAYS_SEARCH_USER_PATHS = NO;
				CLANG_CXX_LANGUAGE_STANDARD = "gnu++0x";
				CLANG_CXX_LIBRARY = "libc++";
				CLANG_ENABLE_MODULES = YES;
				CLANG_ENABLE_OBJC_ARC = YES;
				CLANG_WARN_BOOL_CONVERSION = YES;
				CLANG_WARN_CONSTANT_CONVERSION = YES;
				CLANG_WARN_DIRECT_OBJC_ISA_USAGE = YES_ERROR;
				CLANG_WARN_EMPTY_BODY = YES;
				CLANG_WARN_ENUM_CONVERSION = YES;
				CLANG_WARN_INT_CONVERSION = YES;
				CLANG_WARN_OBJC_ROOT_CLASS = YES_ERROR;
				CLANG_WARN_UNREACHABLE_CODE = YES;
				CLANG_WARN__DUPLICATE_METHOD_MATCH = YES;
				"CODE_SIGN_IDENTITY[sdk=iphoneos*]" = "iPhone Developer";
				COPY_PHASE_STRIP = YES;
				ENABLE_NS_ASSERTIONS = NO;
				ENABLE_STRICT_OBJC_MSGSEND = YES;
				GCC_C_LANGUAGE_STANDARD = gnu99;
				GCC_WARN_64_TO_32_BIT_CONVERSION = YES;
				GCC_WARN_ABOUT_RETURN_TYPE = YES_ERROR;
				GCC_WARN_UNDECLARED_SELECTOR = YES;
				GCC_WARN_UNINITIALIZED_AUTOS = YES_AGGRESSIVE;
				GCC_WARN_UNUSED_FUNCTION = YES;
				GCC_WARN_UNUSED_VARIABLE = YES;
				IPHONEOS_DEPLOYMENT_TARGET = 8.1;
				MTL_ENABLE_DEBUG_INFO = NO;
				SDKROOT = iphoneos;
				TARGETED_DEVICE_FAMILY = "1,2";
				VALIDATE_PRODUCT = YES;
			};
			name = Release;
		};
		E18A5ECB1A14813800C926E2 /* Debug */ = {
			isa = XCBuildConfiguration;
			buildSettings = {
				ASSETCATALOG_COMPILER_APPICON_NAME = AppIcon;
				ASSETCATALOG_COMPILER_LAUNCHIMAGE_NAME = LaunchImage;
				CODE_SIGN_IDENTITY = "iPhone Developer: Yong Gai (Z999MC999E)";
				"CODE_SIGN_IDENTITY[sdk=iphoneos*]" = "iPhone Developer: Yong Gai (Z999MC999E)";
				INFOPLIST_FILE = WTImagePickerController/Info.plist;
				IPHONEOS_DEPLOYMENT_TARGET = 7.0;
				LD_RUNPATH_SEARCH_PATHS = "$(inherited) @executable_path/Frameworks";
				PRODUCT_NAME = "$(TARGET_NAME)";
				PROVISIONING_PROFILE = "d6a51747-2d66-4bf6-af0d-a072b998c356";
			};
			name = Debug;
		};
		E18A5ECC1A14813800C926E2 /* Release */ = {
			isa = XCBuildConfiguration;
			buildSettings = {
				ASSETCATALOG_COMPILER_APPICON_NAME = AppIcon;
				ASSETCATALOG_COMPILER_LAUNCHIMAGE_NAME = LaunchImage;
				CODE_SIGN_IDENTITY = "iPhone Developer";
				INFOPLIST_FILE = WTImagePickerController/Info.plist;
				IPHONEOS_DEPLOYMENT_TARGET = 7.0;
				LD_RUNPATH_SEARCH_PATHS = "$(inherited) @executable_path/Frameworks";
				PRODUCT_NAME = "$(TARGET_NAME)";
			};
			name = Release;
		};
		E18A5ECE1A14813800C926E2 /* Debug */ = {
			isa = XCBuildConfiguration;
			buildSettings = {
				BUNDLE_LOADER = "$(TEST_HOST)";
				FRAMEWORK_SEARCH_PATHS = (
					"$(SDKROOT)/Developer/Library/Frameworks",
					"$(inherited)",
				);
				GCC_PREPROCESSOR_DEFINITIONS = (
					"DEBUG=1",
					"$(inherited)",
				);
				INFOPLIST_FILE = WTImagePickerControllerTests/Info.plist;
				LD_RUNPATH_SEARCH_PATHS = "$(inherited) @executable_path/Frameworks @loader_path/Frameworks";
				PRODUCT_NAME = "$(TARGET_NAME)";
				TEST_HOST = "$(BUILT_PRODUCTS_DIR)/WTImagePickerController.app/WTImagePickerController";
			};
			name = Debug;
		};
		E18A5ECF1A14813800C926E2 /* Release */ = {
			isa = XCBuildConfiguration;
			buildSettings = {
				BUNDLE_LOADER = "$(TEST_HOST)";
				FRAMEWORK_SEARCH_PATHS = (
					"$(SDKROOT)/Developer/Library/Frameworks",
					"$(inherited)",
				);
				INFOPLIST_FILE = WTImagePickerControllerTests/Info.plist;
				LD_RUNPATH_SEARCH_PATHS = "$(inherited) @executable_path/Frameworks @loader_path/Frameworks";
				PRODUCT_NAME = "$(TARGET_NAME)";
				TEST_HOST = "$(BUILT_PRODUCTS_DIR)/WTImagePickerController.app/WTImagePickerController";
			};
			name = Release;
		};
/* End XCBuildConfiguration section */

/* Begin XCConfigurationList section */
		E18A5EA21A14813800C926E2 /* Build configuration list for PBXProject "WTImagePickerController" */ = {
			isa = XCConfigurationList;
			buildConfigurations = (
				E18A5EC81A14813800C926E2 /* Debug */,
				E18A5EC91A14813800C926E2 /* Release */,
			);
			defaultConfigurationIsVisible = 0;
			defaultConfigurationName = Release;
		};
		E18A5ECA1A14813800C926E2 /* Build configuration list for PBXNativeTarget "WTImagePickerController" */ = {
			isa = XCConfigurationList;
			buildConfigurations = (
				E18A5ECB1A14813800C926E2 /* Debug */,
				E18A5ECC1A14813800C926E2 /* Release */,
			);
			defaultConfigurationIsVisible = 0;
			defaultConfigurationName = Release;
		};
		E18A5ECD1A14813800C926E2 /* Build configuration list for PBXNativeTarget "WTImagePickerControllerTests" */ = {
			isa = XCConfigurationList;
			buildConfigurations = (
				E18A5ECE1A14813800C926E2 /* Debug */,
				E18A5ECF1A14813800C926E2 /* Release */,
			);
			defaultConfigurationIsVisible = 0;
			defaultConfigurationName = Release;
		};
/* End XCConfigurationList section */
	};
	rootObject = E18A5E9F1A14813800C926E2 /* Project object */;
}
